// !$*UTF8*$!
{
	archiveVersion = 1;
	classes = {
	};
	objectVersion = 46;
	objects = {

/* Begin PBXBuildFile section */
		FED555E21CA2ED2E00FD7C86 /* AppDelegate.swift in Sources */ = {isa = PBXBuildFile; fileRef = FED555E11CA2ED2E00FD7C86 /* AppDelegate.swift */; };
		FED555E71CA2ED2E00FD7C86 /* Main.storyboard in Resources */ = {isa = PBXBuildFile; fileRef = FED555E51CA2ED2E00FD7C86 /* Main.storyboard */; };
		FED555E91CA2ED2E00FD7C86 /* Assets.xcassets in Resources */ = {isa = PBXBuildFile; fileRef = FED555E81CA2ED2E00FD7C86 /* Assets.xcassets */; };
		FED555EC1CA2ED2E00FD7C86 /* LaunchScreen.storyboard in Resources */ = {isa = PBXBuildFile; fileRef = FED555EA1CA2ED2E00FD7C86 /* LaunchScreen.storyboard */; };
		FED556581CA2EEB500FD7C86 /* airports.plist in Resources */ = {isa = PBXBuildFile; fileRef = FED556371CA2EEB500FD7C86 /* airports.plist */; };
		FED556591CA2EEB500FD7C86 /* AMS.jpg in Resources */ = {isa = PBXBuildFile; fileRef = FED556381CA2EEB500FD7C86 /* AMS.jpg */; };
		FED5565A1CA2EEB500FD7C86 /* ATL.jpg in Resources */ = {isa = PBXBuildFile; fileRef = FED556391CA2EEB500FD7C86 /* ATL.jpg */; };
		FED5565B1CA2EEB500FD7C86 /* BKK.jpg in Resources */ = {isa = PBXBuildFile; fileRef = FED5563A1CA2EEB500FD7C86 /* BKK.jpg */; };
		FED5565C1CA2EEB500FD7C86 /* CAN.JPG in Resources */ = {isa = PBXBuildFile; fileRef = FED5563B1CA2EEB500FD7C86 /* CAN.JPG */; };
		FED5565D1CA2EEB500FD7C86 /* CDG.jpg in Resources */ = {isa = PBXBuildFile; fileRef = FED5563C1CA2EEB500FD7C86 /* CDG.jpg */; };
		FED5565E1CA2EEB500FD7C86 /* CKG.jpg in Resources */ = {isa = PBXBuildFile; fileRef = FED5563D1CA2EEB500FD7C86 /* CKG.jpg */; };
		FED5565F1CA2EEB500FD7C86 /* CTS.jpg in Resources */ = {isa = PBXBuildFile; fileRef = FED5563E1CA2EEB500FD7C86 /* CTS.jpg */; };
		FED556601CA2EEB500FD7C86 /* DME.jpg in Resources */ = {isa = PBXBuildFile; fileRef = FED5563F1CA2EEB500FD7C86 /* DME.jpg */; };
		FED556611CA2EEB500FD7C86 /* DTW.jpg in Resources */ = {isa = PBXBuildFile; fileRef = FED556401CA2EEB500FD7C86 /* DTW.jpg */; };
		FED556621CA2EEB500FD7C86 /* EDI.jpg in Resources */ = {isa = PBXBuildFile; fileRef = FED556411CA2EEB500FD7C86 /* EDI.jpg */; };
		FED556631CA2EEB500FD7C86 /* FRA.jpg in Resources */ = {isa = PBXBuildFile; fileRef = FED556421CA2EEB500FD7C86 /* FRA.jpg */; };
		FED556641CA2EEB500FD7C86 /* HKG.jpg in Resources */ = {isa = PBXBuildFile; fileRef = FED556431CA2EEB500FD7C86 /* HKG.jpg */; };
		FED556651CA2EEB500FD7C86 /* HND.jpg in Resources */ = {isa = PBXBuildFile; fileRef = FED556441CA2EEB500FD7C86 /* HND.jpg */; };
		FED556661CA2EEB500FD7C86 /* ICN.jpg in Resources */ = {isa = PBXBuildFile; fileRef = FED556451CA2EEB500FD7C86 /* ICN.jpg */; };
		FED556671CA2EEB500FD7C86 /* JFK.jpg in Resources */ = {isa = PBXBuildFile; fileRef = FED556461CA2EEB500FD7C86 /* JFK.jpg */; };
		FED556681CA2EEB500FD7C86 /* KHH.jpg in Resources */ = {isa = PBXBuildFile; fileRef = FED556471CA2EEB500FD7C86 /* KHH.jpg */; };
		FED556691CA2EEB500FD7C86 /* KIX.jpg in Resources */ = {isa = PBXBuildFile; fileRef = FED556481CA2EEB500FD7C86 /* KIX.jpg */; };
		FED5566A1CA2EEB500FD7C86 /* LAX.jpg in Resources */ = {isa = PBXBuildFile; fileRef = FED556491CA2EEB500FD7C86 /* LAX.jpg */; };
		FED5566B1CA2EEB500FD7C86 /* LHR.jpg in Resources */ = {isa = PBXBuildFile; fileRef = FED5564A1CA2EEB500FD7C86 /* LHR.jpg */; };
		FED5566C1CA2EEB500FD7C86 /* NGO.jpg in Resources */ = {isa = PBXBuildFile; fileRef = FED5564B1CA2EEB500FD7C86 /* NGO.jpg */; };
		FED5566D1CA2EEB500FD7C86 /* NRT.jpg in Resources */ = {isa = PBXBuildFile; fileRef = FED5564C1CA2EEB500FD7C86 /* NRT.jpg */; };
		FED5566E1CA2EEB500FD7C86 /* OKA.jpg in Resources */ = {isa = PBXBuildFile; fileRef = FED5564D1CA2EEB500FD7C86 /* OKA.jpg */; };
		FED5566F1CA2EEB500FD7C86 /* PEK.jpg in Resources */ = {isa = PBXBuildFile; fileRef = FED5564E1CA2EEB500FD7C86 /* PEK.jpg */; };
		FED556701CA2EEB500FD7C86 /* PVG.jpg in Resources */ = {isa = PBXBuildFile; fileRef = FED5564F1CA2EEB500FD7C86 /* PVG.jpg */; };
		FED556711CA2EEB500FD7C86 /* SEA.jpg in Resources */ = {isa = PBXBuildFile; fileRef = FED556501CA2EEB500FD7C86 /* SEA.jpg */; };
		FED556721CA2EEB500FD7C86 /* SFO.jpg in Resources */ = {isa = PBXBuildFile; fileRef = FED556511CA2EEB500FD7C86 /* SFO.jpg */; };
		FED556731CA2EEB500FD7C86 /* SIN.jpg in Resources */ = {isa = PBXBuildFile; fileRef = FED556521CA2EEB500FD7C86 /* SIN.jpg */; };
		FED556741CA2EEB500FD7C86 /* SVO.jpg in Resources */ = {isa = PBXBuildFile; fileRef = FED556531CA2EEB500FD7C86 /* SVO.jpg */; };
		FED556751CA2EEB500FD7C86 /* SYD.jpg in Resources */ = {isa = PBXBuildFile; fileRef = FED556541CA2EEB500FD7C86 /* SYD.jpg */; };
		FED556761CA2EEB500FD7C86 /* TPE.jpg in Resources */ = {isa = PBXBuildFile; fileRef = FED556551CA2EEB500FD7C86 /* TPE.jpg */; };
		FED556771CA2EEB500FD7C86 /* YVR.jpg in Resources */ = {isa = PBXBuildFile; fileRef = FED556561CA2EEB500FD7C86 /* YVR.jpg */; };
		FED556781CA2EEB500FD7C86 /* YYZ.jpg in Resources */ = {isa = PBXBuildFile; fileRef = FED556571CA2EEB500FD7C86 /* YYZ.jpg */; };
/* End PBXBuildFile section */

/* Begin PBXFileReference section */
		FED555DE1CA2ED2E00FD7C86 /* Airports.app */ = {isa = PBXFileReference; explicitFileType = wrapper.application; includeInIndex = 0; path = Airports.app; sourceTree = BUILT_PRODUCTS_DIR; };
		FED555E11CA2ED2E00FD7C86 /* AppDelegate.swift */ = {isa = PBXFileReference; lastKnownFileType = sourcecode.swift; path = AppDelegate.swift; sourceTree = "<group>"; };
		FED555E61CA2ED2E00FD7C86 /* Base */ = {isa = PBXFileReference; lastKnownFileType = file.storyboard; name = Base; path = Base.lproj/Main.storyboard; sourceTree = "<group>"; };
		FED555E81CA2ED2E00FD7C86 /* Assets.xcassets */ = {isa = PBXFileReference; lastKnownFileType = folder.assetcatalog; path = Assets.xcassets; sourceTree = "<group>"; };
		FED555EB1CA2ED2E00FD7C86 /* Base */ = {isa = PBXFileReference; lastKnownFileType = file.storyboard; name = Base; path = Base.lproj/LaunchScreen.storyboard; sourceTree = "<group>"; };
		FED555ED1CA2ED2E00FD7C86 /* Info.plist */ = {isa = PBXFileReference; lastKnownFileType = text.plist.xml; path = Info.plist; sourceTree = "<group>"; };
		FED556371CA2EEB500FD7C86 /* airports.plist */ = {isa = PBXFileReference; fileEncoding = 4; lastKnownFileType = text.plist.xml; path = airports.plist; sourceTree = "<group>"; };
		FED556381CA2EEB500FD7C86 /* AMS.jpg */ = {isa = PBXFileReference; lastKnownFileType = image.jpeg; path = AMS.jpg; sourceTree = "<group>"; };
		FED556391CA2EEB500FD7C86 /* ATL.jpg */ = {isa = PBXFileReference; lastKnownFileType = image.jpeg; path = ATL.jpg; sourceTree = "<group>"; };
		FED5563A1CA2EEB500FD7C86 /* BKK.jpg */ = {isa = PBXFileReference; lastKnownFileType = image.jpeg; path = BKK.jpg; sourceTree = "<group>"; };
		FED5563B1CA2EEB500FD7C86 /* CAN.JPG */ = {isa = PBXFileReference; lastKnownFileType = image.jpeg; path = CAN.JPG; sourceTree = "<group>"; };
		FED5563C1CA2EEB500FD7C86 /* CDG.jpg */ = {isa = PBXFileReference; lastKnownFileType = image.jpeg; path = CDG.jpg; sourceTree = "<group>"; };
		FED5563D1CA2EEB500FD7C86 /* CKG.jpg */ = {isa = PBXFileReference; lastKnownFileType = image.jpeg; path = CKG.jpg; sourceTree = "<group>"; };
		FED5563E1CA2EEB500FD7C86 /* CTS.jpg */ = {isa = PBXFileReference; lastKnownFileType = image.jpeg; path = CTS.jpg; sourceTree = "<group>"; };
		FED5563F1CA2EEB500FD7C86 /* DME.jpg */ = {isa = PBXFileReference; lastKnownFileType = image.jpeg; path = DME.jpg; sourceTree = "<group>"; };
		FED556401CA2EEB500FD7C86 /* DTW.jpg */ = {isa = PBXFileReference; lastKnownFileType = image.jpeg; path = DTW.jpg; sourceTree = "<group>"; };
		FED556411CA2EEB500FD7C86 /* EDI.jpg */ = {isa = PBXFileReference; lastKnownFileType = image.jpeg; path = EDI.jpg; sourceTree = "<group>"; };
		FED556421CA2EEB500FD7C86 /* FRA.jpg */ = {isa = PBXFileReference; lastKnownFileType = image.jpeg; path = FRA.jpg; sourceTree = "<group>"; };
		FED556431CA2EEB500FD7C86 /* HKG.jpg */ = {isa = PBXFileReference; lastKnownFileType = image.jpeg; path = HKG.jpg; sourceTree = "<group>"; };
		FED556441CA2EEB500FD7C86 /* HND.jpg */ = {isa = PBXFileReference; lastKnownFileType = image.jpeg; path = HND.jpg; sourceTree = "<group>"; };
		FED556451CA2EEB500FD7C86 /* ICN.jpg */ = {isa = PBXFileReference; lastKnownFileType = image.jpeg; path = ICN.jpg; sourceTree = "<group>"; };
		FED556461CA2EEB500FD7C86 /* JFK.jpg */ = {isa = PBXFileReference; lastKnownFileType = image.jpeg; path = JFK.jpg; sourceTree = "<group>"; };
		FED556471CA2EEB500FD7C86 /* KHH.jpg */ = {isa = PBXFileReference; lastKnownFileType = image.jpeg; path = KHH.jpg; sourceTree = "<group>"; };
		FED556481CA2EEB500FD7C86 /* KIX.jpg */ = {isa = PBXFileReference; lastKnownFileType = image.jpeg; path = KIX.jpg; sourceTree = "<group>"; };
		FED556491CA2EEB500FD7C86 /* LAX.jpg */ = {isa = PBXFileReference; lastKnownFileType = image.jpeg; path = LAX.jpg; sourceTree = "<group>"; };
		FED5564A1CA2EEB500FD7C86 /* LHR.jpg */ = {isa = PBXFileReference; lastKnownFileType = image.jpeg; path = LHR.jpg; sourceTree = "<group>"; };
		FED5564B1CA2EEB500FD7C86 /* NGO.jpg */ = {isa = PBXFileReference; lastKnownFileType = image.jpeg; path = NGO.jpg; sourceTree = "<group>"; };
		FED5564C1CA2EEB500FD7C86 /* NRT.jpg */ = {isa = PBXFileReference; lastKnownFileType = image.jpeg; path = NRT.jpg; sourceTree = "<group>"; };
		FED5564D1CA2EEB500FD7C86 /* OKA.jpg */ = {isa = PBXFileReference; lastKnownFileType = image.jpeg; path = OKA.jpg; sourceTree = "<group>"; };
		FED5564E1CA2EEB500FD7C86 /* PEK.jpg */ = {isa = PBXFileReference; lastKnownFileType = image.jpeg; path = PEK.jpg; sourceTree = "<group>"; };
		FED5564F1CA2EEB500FD7C86 /* PVG.jpg */ = {isa = PBXFileReference; lastKnownFileType = image.jpeg; path = PVG.jpg; sourceTree = "<group>"; };
		FED556501CA2EEB500FD7C86 /* SEA.jpg */ = {isa = PBXFileReference; lastKnownFileType = image.jpeg; path = SEA.jpg; sourceTree = "<group>"; };
		FED556511CA2EEB500FD7C86 /* SFO.jpg */ = {isa = PBXFileReference; lastKnownFileType = image.jpeg; path = SFO.jpg; sourceTree = "<group>"; };
		FED556521CA2EEB500FD7C86 /* SIN.jpg */ = {isa = PBXFileReference; lastKnownFileType = image.jpeg; path = SIN.jpg; sourceTree = "<group>"; };
		FED556531CA2EEB500FD7C86 /* SVO.jpg */ = {isa = PBXFileReference; lastKnownFileType = image.jpeg; path = SVO.jpg; sourceTree = "<group>"; };
		FED556541CA2EEB500FD7C86 /* SYD.jpg */ = {isa = PBXFileReference; lastKnownFileType = image.jpeg; path = SYD.jpg; sourceTree = "<group>"; };
		FED556551CA2EEB500FD7C86 /* TPE.jpg */ = {isa = PBXFileReference; lastKnownFileType = image.jpeg; path = TPE.jpg; sourceTree = "<group>"; };
		FED556561CA2EEB500FD7C86 /* YVR.jpg */ = {isa = PBXFileReference; lastKnownFileType = image.jpeg; path = YVR.jpg; sourceTree = "<group>"; };
		FED556571CA2EEB500FD7C86 /* YYZ.jpg */ = {isa = PBXFileReference; lastKnownFileType = image.jpeg; path = YYZ.jpg; sourceTree = "<group>"; };
/* End PBXFileReference section */

/* Begin PBXFrameworksBuildPhase section */
		FED555DB1CA2ED2E00FD7C86 /* Frameworks */ = {
			isa = PBXFrameworksBuildPhase;
			buildActionMask = 2147483647;
			files = (
			);
			runOnlyForDeploymentPostprocessing = 0;
		};
/* End PBXFrameworksBuildPhase section */

/* Begin PBXGroup section */
		FED555D51CA2ED2E00FD7C86 = {
			isa = PBXGroup;
			children = (
				FED555E01CA2ED2E00FD7C86 /* Airports */,
				FED555DF1CA2ED2E00FD7C86 /* Products */,
			);
			sourceTree = "<group>";
		};
		FED555DF1CA2ED2E00FD7C86 /* Products */ = {
			isa = PBXGroup;
			children = (
				FED555DE1CA2ED2E00FD7C86 /* Airports.app */,
			);
			name = Products;
			sourceTree = "<group>";
		};
		FED555E01CA2ED2E00FD7C86 /* Airports */ = {
			isa = PBXGroup;
			children = (
				FED555F41CA2EE8600FD7C86 /* Data */,
				FED555E11CA2ED2E00FD7C86 /* AppDelegate.swift */,
				FED555E51CA2ED2E00FD7C86 /* Main.storyboard */,
				FED555E81CA2ED2E00FD7C86 /* Assets.xcassets */,
				FED555EA1CA2ED2E00FD7C86 /* LaunchScreen.storyboard */,
				FED555ED1CA2ED2E00FD7C86 /* Info.plist */,
			);
			path = Airports;
			sourceTree = "<group>";
		};
		FED555F41CA2EE8600FD7C86 /* Data */ = {
			isa = PBXGroup;
			children = (
				FED556371CA2EEB500FD7C86 /* airports.plist */,
				FED556381CA2EEB500FD7C86 /* AMS.jpg */,
				FED556391CA2EEB500FD7C86 /* ATL.jpg */,
				FED5563A1CA2EEB500FD7C86 /* BKK.jpg */,
				FED5563B1CA2EEB500FD7C86 /* CAN.JPG */,
				FED5563C1CA2EEB500FD7C86 /* CDG.jpg */,
				FED5563D1CA2EEB500FD7C86 /* CKG.jpg */,
				FED5563E1CA2EEB500FD7C86 /* CTS.jpg */,
				FED5563F1CA2EEB500FD7C86 /* DME.jpg */,
				FED556401CA2EEB500FD7C86 /* DTW.jpg */,
				FED556411CA2EEB500FD7C86 /* EDI.jpg */,
				FED556421CA2EEB500FD7C86 /* FRA.jpg */,
				FED556431CA2EEB500FD7C86 /* HKG.jpg */,
				FED556441CA2EEB500FD7C86 /* HND.jpg */,
				FED556451CA2EEB500FD7C86 /* ICN.jpg */,
				FED556461CA2EEB500FD7C86 /* JFK.jpg */,
				FED556471CA2EEB500FD7C86 /* KHH.jpg */,
				FED556481CA2EEB500FD7C86 /* KIX.jpg */,
				FED556491CA2EEB500FD7C86 /* LAX.jpg */,
				FED5564A1CA2EEB500FD7C86 /* LHR.jpg */,
				FED5564B1CA2EEB500FD7C86 /* NGO.jpg */,
				FED5564C1CA2EEB500FD7C86 /* NRT.jpg */,
				FED5564D1CA2EEB500FD7C86 /* OKA.jpg */,
				FED5564E1CA2EEB500FD7C86 /* PEK.jpg */,
				FED5564F1CA2EEB500FD7C86 /* PVG.jpg */,
				FED556501CA2EEB500FD7C86 /* SEA.jpg */,
				FED556511CA2EEB500FD7C86 /* SFO.jpg */,
				FED556521CA2EEB500FD7C86 /* SIN.jpg */,
				FED556531CA2EEB500FD7C86 /* SVO.jpg */,
				FED556541CA2EEB500FD7C86 /* SYD.jpg */,
				FED556551CA2EEB500FD7C86 /* TPE.jpg */,
				FED556561CA2EEB500FD7C86 /* YVR.jpg */,
				FED556571CA2EEB500FD7C86 /* YYZ.jpg */,
			);
			name = Data;
			path = ../data;
			sourceTree = "<group>";
		};
/* End PBXGroup section */

/* Begin PBXNativeTarget section */
		FED555DD1CA2ED2E00FD7C86 /* Airports */ = {
			isa = PBXNativeTarget;
			buildConfigurationList = FED555F01CA2ED2E00FD7C86 /* Build configuration list for PBXNativeTarget "Airports" */;
			buildPhases = (
				FED555F31CA2ED7600FD7C86 /* Swift Lint */,
				FED555DA1CA2ED2E00FD7C86 /* Sources */,
				FED555DB1CA2ED2E00FD7C86 /* Frameworks */,
				FED555DC1CA2ED2E00FD7C86 /* Resources */,
			);
			buildRules = (
			);
			dependencies = (
			);
			name = Airports;
			productName = Airports;
			productReference = FED555DE1CA2ED2E00FD7C86 /* Airports.app */;
			productType = "com.apple.product-type.application";
		};
/* End PBXNativeTarget section */

/* Begin PBXProject section */
		FED555D61CA2ED2E00FD7C86 /* Project object */ = {
			isa = PBXProject;
			attributes = {
				LastSwiftUpdateCheck = 0730;
				LastUpgradeCheck = 0730;
				ORGANIZATIONNAME = sodas;
				TargetAttributes = {
					FED555DD1CA2ED2E00FD7C86 = {
						CreatedOnToolsVersion = 7.3;
					};
				};
			};
			buildConfigurationList = FED555D91CA2ED2E00FD7C86 /* Build configuration list for PBXProject "Airports" */;
			compatibilityVersion = "Xcode 3.2";
			developmentRegion = English;
			hasScannedForEncodings = 0;
			knownRegions = (
				en,
				Base,
			);
			mainGroup = FED555D51CA2ED2E00FD7C86;
			productRefGroup = FED555DF1CA2ED2E00FD7C86 /* Products */;
			projectDirPath = "";
			projectRoot = "";
			targets = (
				FED555DD1CA2ED2E00FD7C86 /* Airports */,
			);
		};
/* End PBXProject section */

/* Begin PBXResourcesBuildPhase section */
		FED555DC1CA2ED2E00FD7C86 /* Resources */ = {
			isa = PBXResourcesBuildPhase;
			buildActionMask = 2147483647;
			files = (
				FED556751CA2EEB500FD7C86 /* SYD.jpg in Resources */,
				FED556771CA2EEB500FD7C86 /* YVR.jpg in Resources */,
				FED556721CA2EEB500FD7C86 /* SFO.jpg in Resources */,
				FED556661CA2EEB500FD7C86 /* ICN.jpg in Resources */,
				FED5566D1CA2EEB500FD7C86 /* NRT.jpg in Resources */,
				FED556641CA2EEB500FD7C86 /* HKG.jpg in Resources */,
				FED556601CA2EEB500FD7C86 /* DME.jpg in Resources */,
				FED5565C1CA2EEB500FD7C86 /* CAN.JPG in Resources */,
				FED556651CA2EEB500FD7C86 /* HND.jpg in Resources */,
				FED556681CA2EEB500FD7C86 /* KHH.jpg in Resources */,
				FED556581CA2EEB500FD7C86 /* airports.plist in Resources */,
				FED5565B1CA2EEB500FD7C86 /* BKK.jpg in Resources */,
				FED5566E1CA2EEB500FD7C86 /* OKA.jpg in Resources */,
				FED5565D1CA2EEB500FD7C86 /* CDG.jpg in Resources */,
				FED5566A1CA2EEB500FD7C86 /* LAX.jpg in Resources */,
				FED556671CA2EEB500FD7C86 /* JFK.jpg in Resources */,
				FED556741CA2EEB500FD7C86 /* SVO.jpg in Resources */,
				FED555EC1CA2ED2E00FD7C86 /* LaunchScreen.storyboard in Resources */,
				FED556781CA2EEB500FD7C86 /* YYZ.jpg in Resources */,
				FED556761CA2EEB500FD7C86 /* TPE.jpg in Resources */,
				FED555E91CA2ED2E00FD7C86 /* Assets.xcassets in Resources */,
				FED5565F1CA2EEB500FD7C86 /* CTS.jpg in Resources */,
				FED5565A1CA2EEB500FD7C86 /* ATL.jpg in Resources */,
				FED5566B1CA2EEB500FD7C86 /* LHR.jpg in Resources */,
				FED556611CA2EEB500FD7C86 /* DTW.jpg in Resources */,
				FED556711CA2EEB500FD7C86 /* SEA.jpg in Resources */,
				FED5565E1CA2EEB500FD7C86 /* CKG.jpg in Resources */,
				FED5566C1CA2EEB500FD7C86 /* NGO.jpg in Resources */,
				FED555E71CA2ED2E00FD7C86 /* Main.storyboard in Resources */,
				FED556631CA2EEB500FD7C86 /* FRA.jpg in Resources */,
				FED556691CA2EEB500FD7C86 /* KIX.jpg in Resources */,
				FED556731CA2EEB500FD7C86 /* SIN.jpg in Resources */,
				FED5566F1CA2EEB500FD7C86 /* PEK.jpg in Resources */,
				FED556621CA2EEB500FD7C86 /* EDI.jpg in Resources */,
				FED556591CA2EEB500FD7C86 /* AMS.jpg in Resources */,
				FED556701CA2EEB500FD7C86 /* PVG.jpg in Resources */,
			);
			runOnlyForDeploymentPostprocessing = 0;
		};
/* End PBXResourcesBuildPhase section */

/* Begin PBXShellScriptBuildPhase section */
		FED555F31CA2ED7600FD7C86 /* Swift Lint */ = {
			isa = PBXShellScriptBuildPhase;
			buildActionMask = 2147483647;
			files = (
			);
			inputPaths = (
			);
			name = "Swift Lint";
			outputPaths = (
			);
			runOnlyForDeploymentPostprocessing = 0;
			shellPath = /bin/sh;
			shellScript = "which swiftlint > /dev/null && swiftlint || true";
			showEnvVarsInLog = 0;
		};
/* End PBXShellScriptBuildPhase section */

/* Begin PBXSourcesBuildPhase section */
		FED555DA1CA2ED2E00FD7C86 /* Sources */ = {
			isa = PBXSourcesBuildPhase;
			buildActionMask = 2147483647;
			files = (
				FED555E21CA2ED2E00FD7C86 /* AppDelegate.swift in Sources */,
			);
			runOnlyForDeploymentPostprocessing = 0;
		};
/* End PBXSourcesBuildPhase section */

/* Begin PBXVariantGroup section */
		FED555E51CA2ED2E00FD7C86 /* Main.storyboard */ = {
			isa = PBXVariantGroup;
			children = (
				FED555E61CA2ED2E00FD7C86 /* Base */,
			);
			name = Main.storyboard;
			sourceTree = "<group>";
		};
		FED555EA1CA2ED2E00FD7C86 /* LaunchScreen.storyboard */ = {
			isa = PBXVariantGroup;
			children = (
				FED555EB1CA2ED2E00FD7C86 /* Base */,
			);
			name = LaunchScreen.storyboard;
			sourceTree = "<group>";
		};
/* End PBXVariantGroup section */

/* Begin XCBuildConfiguration section */
		FED555EE1CA2ED2E00FD7C86 /* Debug */ = {
			isa = XCBuildConfiguration;
			buildSettings = {
				ALWAYS_SEARCH_USER_PATHS = NO;
				CLANG_ANALYZER_NONNULL = YES;
				CLANG_CXX_LANGUAGE_STANDARD = "gnu++0x";
				CLANG_CXX_LIBRARY = "libc++";
				CLANG_ENABLE_MODULES = YES;
				CLANG_ENABLE_OBJC_ARC = YES;
				CLANG_WARN_BOOL_CONVERSION = YES;
				CLANG_WARN_CONSTANT_CONVERSION = YES;
				CLANG_WARN_DIRECT_OBJC_ISA_USAGE = YES_ERROR;
				CLANG_WARN_EMPTY_BODY = YES;
				CLANG_WARN_ENUM_CONVERSION = YES;
				CLANG_WARN_INT_CONVERSION = YES;
				CLANG_WARN_OBJC_ROOT_CLASS = YES_ERROR;
				CLANG_WARN_UNREACHABLE_CODE = YES;
				CLANG_WARN__DUPLICATE_METHOD_MATCH = YES;
				"CODE_SIGN_IDENTITY[sdk=iphoneos*]" = "iPhone Developer";
				COPY_PHASE_STRIP = NO;
				DEBUG_INFORMATION_FORMAT = dwarf;
				ENABLE_STRICT_OBJC_MSGSEND = YES;
				ENABLE_TESTABILITY = YES;
				GCC_C_LANGUAGE_STANDARD = gnu99;
				GCC_DYNAMIC_NO_PIC = NO;
				GCC_NO_COMMON_BLOCKS = YES;
				GCC_OPTIMIZATION_LEVEL = 0;
				GCC_PREPROCESSOR_DEFINITIONS = (
					"DEBUG=1",
					"$(inherited)",
				);
				GCC_WARN_64_TO_32_BIT_CONVERSION = YES;
				GCC_WARN_ABOUT_RETURN_TYPE = YES_ERROR;
				GCC_WARN_UNDECLARED_SELECTOR = YES;
				GCC_WARN_UNINITIALIZED_AUTOS = YES_AGGRESSIVE;
				GCC_WARN_UNUSED_FUNCTION = YES;
				GCC_WARN_UNUSED_VARIABLE = YES;
				IPHONEOS_DEPLOYMENT_TARGET = 9.0;
				MTL_ENABLE_DEBUG_INFO = YES;
				ONLY_ACTIVE_ARCH = YES;
				SDKROOT = iphoneos;
				SWIFT_OPTIMIZATION_LEVEL = "-Onone";
				TARGETED_DEVICE_FAMILY = "1,2";
			};
			name = Debug;
		};
		FED555EF1CA2ED2E00FD7C86 /* Release */ = {
			isa = XCBuildConfiguration;
			buildSettings = {
				ALWAYS_SEARCH_USER_PATHS = NO;
				CLANG_ANALYZER_NONNULL = YES;
				CLANG_CXX_LANGUAGE_STANDARD = "gnu++0x";
				CLANG_CXX_LIBRARY = "libc++";
				CLANG_ENABLE_MODULES = YES;
				CLANG_ENABLE_OBJC_ARC = YES;
				CLANG_WARN_BOOL_CONVERSION = YES;
				CLANG_WARN_CONSTANT_CONVERSION = YES;
				CLANG_WARN_DIRECT_OBJC_ISA_USAGE = YES_ERROR;
				CLANG_WARN_EMPTY_BODY = YES;
				CLANG_WARN_ENUM_CONVERSION = YES;
				CLANG_WARN_INT_CONVERSION = YES;
				CLANG_WARN_OBJC_ROOT_CLASS = YES_ERROR;
				CLANG_WARN_UNREACHABLE_CODE = YES;
				CLANG_WARN__DUPLICATE_METHOD_MATCH = YES;
				"CODE_SIGN_IDENTITY[sdk=iphoneos*]" = "iPhone Developer";
				COPY_PHASE_STRIP = NO;
				DEBUG_INFORMATION_FORMAT = "dwarf-with-dsym";
				ENABLE_NS_ASSERTIONS = NO;
				ENABLE_STRICT_OBJC_MSGSEND = YES;
				GCC_C_LANGUAGE_STANDARD = gnu99;
				GCC_NO_COMMON_BLOCKS = YES;
				GCC_WARN_64_TO_32_BIT_CONVERSION = YES;
				GCC_WARN_ABOUT_RETURN_TYPE = YES_ERROR;
				GCC_WARN_UNDECLARED_SELECTOR = YES;
				GCC_WARN_UNINITIALIZED_AUTOS = YES_AGGRESSIVE;
				GCC_WARN_UNUSED_FUNCTION = YES;
				GCC_WARN_UNUSED_VARIABLE = YES;
				IPHONEOS_DEPLOYMENT_TARGET = 9.0;
				MTL_ENABLE_DEBUG_INFO = NO;
				SDKROOT = iphoneos;
				TARGETED_DEVICE_FAMILY = "1,2";
				VALIDATE_PRODUCT = YES;
			};
			name = Release;
		};
		FED555F11CA2ED2E00FD7C86 /* Debug */ = {
			isa = XCBuildConfiguration;
			buildSettings = {
				ASSETCATALOG_COMPILER_APPICON_NAME = AppIcon;
				INFOPLIST_FILE = Airports/Info.plist;
				LD_RUNPATH_SEARCH_PATHS = "$(inherited) @executable_path/Frameworks";
				PRODUCT_BUNDLE_IDENTIFIER = tw.sodas.Airports;
				PRODUCT_NAME = "$(TARGET_NAME)";
			};
			name = Debug;
		};
		FED555F21CA2ED2E00FD7C86 /* Release */ = {
			isa = XCBuildConfiguration;
			buildSettings = {
				ASSETCATALOG_COMPILER_APPICON_NAME = AppIcon;
				INFOPLIST_FILE = Airports/Info.plist;
				LD_RUNPATH_SEARCH_PATHS = "$(inherited) @executable_path/Frameworks";
				PRODUCT_BUNDLE_IDENTIFIER = tw.sodas.Airports;
				PRODUCT_NAME = "$(TARGET_NAME)";
			};
			name = Release;
		};
/* End XCBuildConfiguration section */

/* Begin XCConfigurationList section */
		FED555D91CA2ED2E00FD7C86 /* Build configuration list for PBXProject "Airports" */ = {
			isa = XCConfigurationList;
			buildConfigurations = (
				FED555EE1CA2ED2E00FD7C86 /* Debug */,
				FED555EF1CA2ED2E00FD7C86 /* Release */,
			);
			defaultConfigurationIsVisible = 0;
			defaultConfigurationName = Release;
		};
		FED555F01CA2ED2E00FD7C86 /* Build configuration list for PBXNativeTarget "Airports" */ = {
			isa = XCConfigurationList;
			buildConfigurations = (
				FED555F11CA2ED2E00FD7C86 /* Debug */,
				FED555F21CA2ED2E00FD7C86 /* Release */,
			);
			defaultConfigurationIsVisible = 0;
			defaultConfigurationName = Release;
		};
/* End XCConfigurationList section */
	};
	rootObject = FED555D61CA2ED2E00FD7C86 /* Project object */;
}
